
Microsoft Visual Studio Solution File, Format Version 12.00
# Visual Studio Version 16
VisualStudioVersion = 16.0.31313.79
MinimumVisualStudioVersion = 10.0.40219.1
Project("{8BC9CEB8-8B4A-11D0-8D11-00A0C91BC942}") = "6-knuth", "6-knuth\6-knuth.vcxproj", "{5B6FAF12-D385-4204-BBA7-6E1226CFE658}"
EndProject
Global
	GlobalSection(SolutionConfigurationPlatforms) = preSolution
		Debug|x64 = Debug|x64
		Debug|x86 = Debug|x86
		Release|x64 = Release|x64
		Release|x86 = Release|x86
	EndGlobalSection
	GlobalSection(ProjectConfigurationPlatforms) = postSolution
		{5B6FAF12-D385-4204-BBA7-6E1226CFE658}.Debug|x64.ActiveCfg = Debug|x64
		{5B6FAF12-D385-4204-BBA7-6E1226CFE658}.Debug|x64.Build.0 = Debug|x64
		{5B6FAF12-D385-4204-BBA7-6E1226CFE658}.Debug|x86.ActiveCfg = Debug|Win32
		{5B6FAF12-D385-4204-BBA7-6E1226CFE658}.Debug|x86.Build.0 = Debug|Win32
		{5B6FAF12-D385-4204-BBA7-6E1226CFE658}.Release|x64.ActiveCfg = Release|x64
		{5B6FAF12-D385-4204-BBA7-6E1226CFE658}.Release|x64.Build.0 = Release|x64
		{5B6FAF12-D385-4204-BBA7-6E1226CFE658}.Release|x86.ActiveCfg = Release|Win32
		{5B6FAF12-D385-4204-BBA7-6E1226CFE658}.Release|x86.Build.0 = Release|Win32
	EndGlobalSection
	GlobalSection(SolutionProperties) = preSolution
		HideSolutionNode = FALSE
	EndGlobalSection
	GlobalSection(ExtensibilityGlobals) = postSolution
		SolutionGuid = {40F36028-C9C5-43DA-B423-CAFFA70F081E}
	EndGlobalSection
EndGlobal
